// !$*UTF8*$!
{
	archiveVersion = 1;
	classes = {
	};
	objectVersion = 46;
	objects = {

/* Begin PBXBuildFile section */
		072628281E70E49800511F80 /* Agamotto.h in Headers */ = {isa = PBXBuildFile; fileRef = 072628261E70E49800511F80 /* Agamotto.h */; settings = {ATTRIBUTES = (Public, ); }; };
		07DB3C881E7133A20089F7F5 /* NSObject+KAGExtensions.h in Headers */ = {isa = PBXBuildFile; fileRef = 07DB3C861E7133A20089F7F5 /* NSObject+KAGExtensions.h */; settings = {ATTRIBUTES = (Public, ); }; };
		07DB3C891E7133A20089F7F5 /* NSObject+KAGExtensions.m in Sources */ = {isa = PBXBuildFile; fileRef = 07DB3C871E7133A20089F7F5 /* NSObject+KAGExtensions.m */; };
		07DB3C8C1E7135AC0089F7F5 /* KAGRACDisposable.h in Headers */ = {isa = PBXBuildFile; fileRef = 07DB3C8A1E7135AC0089F7F5 /* KAGRACDisposable.h */; settings = {ATTRIBUTES = (Private, ); }; };
		07DB3C8D1E7135AC0089F7F5 /* KAGRACDisposable.m in Sources */ = {isa = PBXBuildFile; fileRef = 07DB3C8B1E7135AC0089F7F5 /* KAGRACDisposable.m */; };
		07DB3C9A1E7136500089F7F5 /* NSObject+KAGRACDeallocating.h in Headers */ = {isa = PBXBuildFile; fileRef = 07DB3C8E1E7136500089F7F5 /* NSObject+KAGRACDeallocating.h */; settings = {ATTRIBUTES = (Private, ); }; };
		07DB3C9B1E7136500089F7F5 /* NSObject+KAGRACDeallocating.m in Sources */ = {isa = PBXBuildFile; fileRef = 07DB3C8F1E7136500089F7F5 /* NSObject+KAGRACDeallocating.m */; };
		07DB3C9C1E7136500089F7F5 /* NSObject+RACKVOWrapper.h in Headers */ = {isa = PBXBuildFile; fileRef = 07DB3C901E7136500089F7F5 /* NSObject+RACKVOWrapper.h */; settings = {ATTRIBUTES = (Private, ); }; };
		07DB3C9D1E7136500089F7F5 /* NSObject+RACKVOWrapper.m in Sources */ = {isa = PBXBuildFile; fileRef = 07DB3C911E7136500089F7F5 /* NSObject+RACKVOWrapper.m */; };
		07DB3C9E1E7136500089F7F5 /* RACCompoundDisposable.h in Headers */ = {isa = PBXBuildFile; fileRef = 07DB3C921E7136500089F7F5 /* RACCompoundDisposable.h */; settings = {ATTRIBUTES = (Private, ); }; };
		07DB3C9F1E7136500089F7F5 /* RACCompoundDisposable.m in Sources */ = {isa = PBXBuildFile; fileRef = 07DB3C931E7136500089F7F5 /* RACCompoundDisposable.m */; };
		07DB3CA01E7136500089F7F5 /* RACKVOTrampoline.h in Headers */ = {isa = PBXBuildFile; fileRef = 07DB3C941E7136500089F7F5 /* RACKVOTrampoline.h */; settings = {ATTRIBUTES = (Private, ); }; };
		07DB3CA11E7136500089F7F5 /* RACKVOTrampoline.m in Sources */ = {isa = PBXBuildFile; fileRef = 07DB3C951E7136500089F7F5 /* RACKVOTrampoline.m */; };
		07DB3CA21E7136500089F7F5 /* RACScopedDisposable.h in Headers */ = {isa = PBXBuildFile; fileRef = 07DB3C961E7136500089F7F5 /* RACScopedDisposable.h */; settings = {ATTRIBUTES = (Private, ); }; };
		07DB3CA31E7136500089F7F5 /* RACScopedDisposable.m in Sources */ = {isa = PBXBuildFile; fileRef = 07DB3C971E7136500089F7F5 /* RACScopedDisposable.m */; };
		07DB3CA41E7136500089F7F5 /* RACSerialDisposable.h in Headers */ = {isa = PBXBuildFile; fileRef = 07DB3C981E7136500089F7F5 /* RACSerialDisposable.h */; settings = {ATTRIBUTES = (Private, ); }; };
		07DB3CA51E7136500089F7F5 /* RACSerialDisposable.m in Sources */ = {isa = PBXBuildFile; fileRef = 07DB3C991E7136500089F7F5 /* RACSerialDisposable.m */; };
		07DB3CA81E7138270089F7F5 /* RACKVOProxy.h in Headers */ = {isa = PBXBuildFile; fileRef = 07DB3CA61E7138270089F7F5 /* RACKVOProxy.h */; settings = {ATTRIBUTES = (Private, ); }; };
		07DB3CA91E7138270089F7F5 /* RACKVOProxy.m in Sources */ = {isa = PBXBuildFile; fileRef = 07DB3CA71E7138270089F7F5 /* RACKVOProxy.m */; };
		07DB3CAC1E7138540089F7F5 /* RACEXTRuntimeExtensions.h in Headers */ = {isa = PBXBuildFile; fileRef = 07DB3CAA1E7138540089F7F5 /* RACEXTRuntimeExtensions.h */; settings = {ATTRIBUTES = (Private, ); }; };
		07DB3CAD1E7138540089F7F5 /* RACEXTRuntimeExtensions.m in Sources */ = {isa = PBXBuildFile; fileRef = 07DB3CAB1E7138540089F7F5 /* RACEXTRuntimeExtensions.m */; };
		07DB3CAF1E7138850089F7F5 /* RACEXTScope.h in Headers */ = {isa = PBXBuildFile; fileRef = 07DB3CAE1E7138850089F7F5 /* RACEXTScope.h */; settings = {ATTRIBUTES = (Private, ); }; };
		07DB3CB11E7138940089F7F5 /* RACmetamacros.h in Headers */ = {isa = PBXBuildFile; fileRef = 07DB3CB01E7138940089F7F5 /* RACmetamacros.h */; settings = {ATTRIBUTES = (Private, ); }; };
		07DB3CB41E7138AC0089F7F5 /* NSString+RACKeyPathUtilities.h in Headers */ = {isa = PBXBuildFile; fileRef = 07DB3CB21E7138AC0089F7F5 /* NSString+RACKeyPathUtilities.h */; settings = {ATTRIBUTES = (Private, ); }; };
		07DB3CB51E7138AC0089F7F5 /* NSString+RACKeyPathUtilities.m in Sources */ = {isa = PBXBuildFile; fileRef = 07DB3CB31E7138AC0089F7F5 /* NSString+RACKeyPathUtilities.m */; };
		07DB3CBE1E713B420089F7F5 /* main.m in Sources */ = {isa = PBXBuildFile; fileRef = 07DB3CBD1E713B420089F7F5 /* main.m */; };
		07DB3CC11E713B420089F7F5 /* AppDelegate.m in Sources */ = {isa = PBXBuildFile; fileRef = 07DB3CC01E713B420089F7F5 /* AppDelegate.m */; };
		07DB3CC41E713B420089F7F5 /* ViewController.m in Sources */ = {isa = PBXBuildFile; fileRef = 07DB3CC31E713B420089F7F5 /* ViewController.m */; };
		07DB3CC71E713B420089F7F5 /* Main.storyboard in Resources */ = {isa = PBXBuildFile; fileRef = 07DB3CC51E713B420089F7F5 /* Main.storyboard */; };
		07DB3CC91E713B420089F7F5 /* Assets.xcassets in Resources */ = {isa = PBXBuildFile; fileRef = 07DB3CC81E713B420089F7F5 /* Assets.xcassets */; };
		07DB3CCC1E713B420089F7F5 /* LaunchScreen.storyboard in Resources */ = {isa = PBXBuildFile; fileRef = 07DB3CCA1E713B420089F7F5 /* LaunchScreen.storyboard */; };
		07DB3CD31E713B550089F7F5 /* Agamotto.framework in Frameworks */ = {isa = PBXBuildFile; fileRef = 072628231E70E49800511F80 /* Agamotto.framework */; };
/* End PBXBuildFile section */

/* Begin PBXContainerItemProxy section */
		07DB3CD11E713B510089F7F5 /* PBXContainerItemProxy */ = {
			isa = PBXContainerItemProxy;
			containerPortal = 072628181E70E40C00511F80 /* Project object */;
			proxyType = 1;
			remoteGlobalIDString = 072628221E70E49800511F80;
			remoteInfo = "Agamotto-iOS";
		};
/* End PBXContainerItemProxy section */

/* Begin PBXFileReference section */
		072628231E70E49800511F80 /* Agamotto.framework */ = {isa = PBXFileReference; explicitFileType = wrapper.framework; includeInIndex = 0; path = Agamotto.framework; sourceTree = BUILT_PRODUCTS_DIR; };
		072628261E70E49800511F80 /* Agamotto.h */ = {isa = PBXFileReference; lastKnownFileType = sourcecode.c.h; path = Agamotto.h; sourceTree = "<group>"; };
		072628271E70E49800511F80 /* Agamotto-iOS-Info.plist */ = {isa = PBXFileReference; lastKnownFileType = text.plist.xml; path = "Agamotto-iOS-Info.plist"; sourceTree = "<group>"; };
		0726282D1E70E57300511F80 /* Agamotto-Info.h */ = {isa = PBXFileReference; lastKnownFileType = sourcecode.c.h; path = "Agamotto-Info.h"; sourceTree = "<group>"; };
		07DB3C861E7133A20089F7F5 /* NSObject+KAGExtensions.h */ = {isa = PBXFileReference; fileEncoding = 4; lastKnownFileType = sourcecode.c.h; path = "NSObject+KAGExtensions.h"; sourceTree = "<group>"; };
		07DB3C871E7133A20089F7F5 /* NSObject+KAGExtensions.m */ = {isa = PBXFileReference; fileEncoding = 4; lastKnownFileType = sourcecode.c.objc; path = "NSObject+KAGExtensions.m"; sourceTree = "<group>"; };
		07DB3C8A1E7135AC0089F7F5 /* KAGRACDisposable.h */ = {isa = PBXFileReference; fileEncoding = 4; lastKnownFileType = sourcecode.c.h; path = KAGRACDisposable.h; sourceTree = "<group>"; };
		07DB3C8B1E7135AC0089F7F5 /* KAGRACDisposable.m */ = {isa = PBXFileReference; fileEncoding = 4; lastKnownFileType = sourcecode.c.objc; path = KAGRACDisposable.m; sourceTree = "<group>"; };
		07DB3C8E1E7136500089F7F5 /* NSObject+KAGRACDeallocating.h */ = {isa = PBXFileReference; fileEncoding = 4; lastKnownFileType = sourcecode.c.h; path = "NSObject+KAGRACDeallocating.h"; sourceTree = "<group>"; };
		07DB3C8F1E7136500089F7F5 /* NSObject+KAGRACDeallocating.m */ = {isa = PBXFileReference; fileEncoding = 4; lastKnownFileType = sourcecode.c.objc; path = "NSObject+KAGRACDeallocating.m"; sourceTree = "<group>"; };
		07DB3C901E7136500089F7F5 /* NSObject+RACKVOWrapper.h */ = {isa = PBXFileReference; fileEncoding = 4; lastKnownFileType = sourcecode.c.h; path = "NSObject+RACKVOWrapper.h"; sourceTree = "<group>"; };
		07DB3C911E7136500089F7F5 /* NSObject+RACKVOWrapper.m */ = {isa = PBXFileReference; fileEncoding = 4; lastKnownFileType = sourcecode.c.objc; path = "NSObject+RACKVOWrapper.m"; sourceTree = "<group>"; };
		07DB3C921E7136500089F7F5 /* RACCompoundDisposable.h */ = {isa = PBXFileReference; fileEncoding = 4; lastKnownFileType = sourcecode.c.h; path = RACCompoundDisposable.h; sourceTree = "<group>"; };
		07DB3C931E7136500089F7F5 /* RACCompoundDisposable.m */ = {isa = PBXFileReference; fileEncoding = 4; lastKnownFileType = sourcecode.c.objc; path = RACCompoundDisposable.m; sourceTree = "<group>"; };
		07DB3C941E7136500089F7F5 /* RACKVOTrampoline.h */ = {isa = PBXFileReference; fileEncoding = 4; lastKnownFileType = sourcecode.c.h; path = RACKVOTrampoline.h; sourceTree = "<group>"; };
		07DB3C951E7136500089F7F5 /* RACKVOTrampoline.m */ = {isa = PBXFileReference; fileEncoding = 4; lastKnownFileType = sourcecode.c.objc; path = RACKVOTrampoline.m; sourceTree = "<group>"; };
		07DB3C961E7136500089F7F5 /* RACScopedDisposable.h */ = {isa = PBXFileReference; fileEncoding = 4; lastKnownFileType = sourcecode.c.h; path = RACScopedDisposable.h; sourceTree = "<group>"; };
		07DB3C971E7136500089F7F5 /* RACScopedDisposable.m */ = {isa = PBXFileReference; fileEncoding = 4; lastKnownFileType = sourcecode.c.objc; path = RACScopedDisposable.m; sourceTree = "<group>"; };
		07DB3C981E7136500089F7F5 /* RACSerialDisposable.h */ = {isa = PBXFileReference; fileEncoding = 4; lastKnownFileType = sourcecode.c.h; path = RACSerialDisposable.h; sourceTree = "<group>"; };
		07DB3C991E7136500089F7F5 /* RACSerialDisposable.m */ = {isa = PBXFileReference; fileEncoding = 4; lastKnownFileType = sourcecode.c.objc; path = RACSerialDisposable.m; sourceTree = "<group>"; };
		07DB3CA61E7138270089F7F5 /* RACKVOProxy.h */ = {isa = PBXFileReference; fileEncoding = 4; lastKnownFileType = sourcecode.c.h; path = RACKVOProxy.h; sourceTree = "<group>"; };
		07DB3CA71E7138270089F7F5 /* RACKVOProxy.m */ = {isa = PBXFileReference; fileEncoding = 4; lastKnownFileType = sourcecode.c.objc; path = RACKVOProxy.m; sourceTree = "<group>"; };
		07DB3CAA1E7138540089F7F5 /* RACEXTRuntimeExtensions.h */ = {isa = PBXFileReference; fileEncoding = 4; lastKnownFileType = sourcecode.c.h; path = RACEXTRuntimeExtensions.h; sourceTree = "<group>"; };
		07DB3CAB1E7138540089F7F5 /* RACEXTRuntimeExtensions.m */ = {isa = PBXFileReference; fileEncoding = 4; lastKnownFileType = sourcecode.c.objc; path = RACEXTRuntimeExtensions.m; sourceTree = "<group>"; };
		07DB3CAE1E7138850089F7F5 /* RACEXTScope.h */ = {isa = PBXFileReference; fileEncoding = 4; lastKnownFileType = sourcecode.c.h; path = RACEXTScope.h; sourceTree = "<group>"; };
		07DB3CB01E7138940089F7F5 /* RACmetamacros.h */ = {isa = PBXFileReference; fileEncoding = 4; lastKnownFileType = sourcecode.c.h; path = RACmetamacros.h; sourceTree = "<group>"; };
		07DB3CB21E7138AC0089F7F5 /* NSString+RACKeyPathUtilities.h */ = {isa = PBXFileReference; fileEncoding = 4; lastKnownFileType = sourcecode.c.h; path = "NSString+RACKeyPathUtilities.h"; sourceTree = "<group>"; };
		07DB3CB31E7138AC0089F7F5 /* NSString+RACKeyPathUtilities.m */ = {isa = PBXFileReference; fileEncoding = 4; lastKnownFileType = sourcecode.c.objc; path = "NSString+RACKeyPathUtilities.m"; sourceTree = "<group>"; };
		07DB3CBA1E713B420089F7F5 /* AgamottoDemo-iOS.app */ = {isa = PBXFileReference; explicitFileType = wrapper.application; includeInIndex = 0; path = "AgamottoDemo-iOS.app"; sourceTree = BUILT_PRODUCTS_DIR; };
		07DB3CBD1E713B420089F7F5 /* main.m */ = {isa = PBXFileReference; lastKnownFileType = sourcecode.c.objc; path = main.m; sourceTree = "<group>"; };
		07DB3CBF1E713B420089F7F5 /* AppDelegate.h */ = {isa = PBXFileReference; lastKnownFileType = sourcecode.c.h; path = AppDelegate.h; sourceTree = "<group>"; };
		07DB3CC01E713B420089F7F5 /* AppDelegate.m */ = {isa = PBXFileReference; lastKnownFileType = sourcecode.c.objc; path = AppDelegate.m; sourceTree = "<group>"; };
		07DB3CC21E713B420089F7F5 /* ViewController.h */ = {isa = PBXFileReference; lastKnownFileType = sourcecode.c.h; path = ViewController.h; sourceTree = "<group>"; };
		07DB3CC31E713B420089F7F5 /* ViewController.m */ = {isa = PBXFileReference; lastKnownFileType = sourcecode.c.objc; path = ViewController.m; sourceTree = "<group>"; };
		07DB3CC61E713B420089F7F5 /* Base */ = {isa = PBXFileReference; lastKnownFileType = file.storyboard; name = Base; path = Base.lproj/Main.storyboard; sourceTree = "<group>"; };
		07DB3CC81E713B420089F7F5 /* Assets.xcassets */ = {isa = PBXFileReference; lastKnownFileType = folder.assetcatalog; path = Assets.xcassets; sourceTree = "<group>"; };
		07DB3CCB1E713B420089F7F5 /* Base */ = {isa = PBXFileReference; lastKnownFileType = file.storyboard; name = Base; path = Base.lproj/LaunchScreen.storyboard; sourceTree = "<group>"; };
		07DB3CCD1E713B420089F7F5 /* Info.plist */ = {isa = PBXFileReference; lastKnownFileType = text.plist.xml; path = Info.plist; sourceTree = "<group>"; };
/* End PBXFileReference section */

/* Begin PBXFrameworksBuildPhase section */
		0726281F1E70E49800511F80 /* Frameworks */ = {
			isa = PBXFrameworksBuildPhase;
			buildActionMask = 2147483647;
			files = (
			);
			runOnlyForDeploymentPostprocessing = 0;
		};
		07DB3CB71E713B420089F7F5 /* Frameworks */ = {
			isa = PBXFrameworksBuildPhase;
			buildActionMask = 2147483647;
			files = (
				07DB3CD31E713B550089F7F5 /* Agamotto.framework in Frameworks */,
			);
			runOnlyForDeploymentPostprocessing = 0;
		};
/* End PBXFrameworksBuildPhase section */

/* Begin PBXGroup section */
		072628171E70E40C00511F80 = {
			isa = PBXGroup;
			children = (
				072628251E70E49800511F80 /* Agamotto */,
				07DB3CBB1E713B420089F7F5 /* AgamottoDemo-iOS */,
				072628241E70E49800511F80 /* Products */,
			);
			sourceTree = "<group>";
		};
		072628241E70E49800511F80 /* Products */ = {
			isa = PBXGroup;
			children = (
				072628231E70E49800511F80 /* Agamotto.framework */,
				07DB3CBA1E713B420089F7F5 /* AgamottoDemo-iOS.app */,
			);
			name = Products;
			sourceTree = "<group>";
		};
		072628251E70E49800511F80 /* Agamotto */ = {
			isa = PBXGroup;
			children = (
				072628261E70E49800511F80 /* Agamotto.h */,
				0726282E1E70E66200511F80 /* Source */,
				0726282C1E70E53C00511F80 /* Supporting Files */,
			);
			path = Agamotto;
			sourceTree = "<group>";
		};
		0726282C1E70E53C00511F80 /* Supporting Files */ = {
			isa = PBXGroup;
			children = (
				072628271E70E49800511F80 /* Agamotto-iOS-Info.plist */,
				0726282D1E70E57300511F80 /* Agamotto-Info.h */,
			);
			name = "Supporting Files";
			sourceTree = "<group>";
		};
		0726282E1E70E66200511F80 /* Source */ = {
			isa = PBXGroup;
			children = (
				07DB3C861E7133A20089F7F5 /* NSObject+KAGExtensions.h */,
				07DB3C871E7133A20089F7F5 /* NSObject+KAGExtensions.m */,
				07DB3C8A1E7135AC0089F7F5 /* KAGRACDisposable.h */,
				07DB3C8B1E7135AC0089F7F5 /* KAGRACDisposable.m */,
				07DB3C8E1E7136500089F7F5 /* NSObject+KAGRACDeallocating.h */,
				07DB3C8F1E7136500089F7F5 /* NSObject+KAGRACDeallocating.m */,
				07DB3C901E7136500089F7F5 /* NSObject+RACKVOWrapper.h */,
				07DB3C911E7136500089F7F5 /* NSObject+RACKVOWrapper.m */,
				07DB3C921E7136500089F7F5 /* RACCompoundDisposable.h */,
				07DB3C931E7136500089F7F5 /* RACCompoundDisposable.m */,
				07DB3C941E7136500089F7F5 /* RACKVOTrampoline.h */,
				07DB3C951E7136500089F7F5 /* RACKVOTrampoline.m */,
				07DB3C961E7136500089F7F5 /* RACScopedDisposable.h */,
				07DB3C971E7136500089F7F5 /* RACScopedDisposable.m */,
				07DB3C981E7136500089F7F5 /* RACSerialDisposable.h */,
				07DB3C991E7136500089F7F5 /* RACSerialDisposable.m */,
				07DB3CA61E7138270089F7F5 /* RACKVOProxy.h */,
				07DB3CA71E7138270089F7F5 /* RACKVOProxy.m */,
				07DB3CAA1E7138540089F7F5 /* RACEXTRuntimeExtensions.h */,
				07DB3CAB1E7138540089F7F5 /* RACEXTRuntimeExtensions.m */,
				07DB3CAE1E7138850089F7F5 /* RACEXTScope.h */,
				07DB3CB01E7138940089F7F5 /* RACmetamacros.h */,
				07DB3CB21E7138AC0089F7F5 /* NSString+RACKeyPathUtilities.h */,
				07DB3CB31E7138AC0089F7F5 /* NSString+RACKeyPathUtilities.m */,
			);
			name = Source;
			sourceTree = "<group>";
		};
		07DB3CBB1E713B420089F7F5 /* AgamottoDemo-iOS */ = {
			isa = PBXGroup;
			children = (
				07DB3CBF1E713B420089F7F5 /* AppDelegate.h */,
				07DB3CC01E713B420089F7F5 /* AppDelegate.m */,
				07DB3CC21E713B420089F7F5 /* ViewController.h */,
				07DB3CC31E713B420089F7F5 /* ViewController.m */,
				07DB3CC51E713B420089F7F5 /* Main.storyboard */,
				07DB3CC81E713B420089F7F5 /* Assets.xcassets */,
				07DB3CCA1E713B420089F7F5 /* LaunchScreen.storyboard */,
				07DB3CCD1E713B420089F7F5 /* Info.plist */,
				07DB3CBC1E713B420089F7F5 /* Supporting Files */,
			);
			path = "AgamottoDemo-iOS";
			sourceTree = "<group>";
		};
		07DB3CBC1E713B420089F7F5 /* Supporting Files */ = {
			isa = PBXGroup;
			children = (
				07DB3CBD1E713B420089F7F5 /* main.m */,
			);
			name = "Supporting Files";
			sourceTree = "<group>";
		};
/* End PBXGroup section */

/* Begin PBXHeadersBuildPhase section */
		072628201E70E49800511F80 /* Headers */ = {
			isa = PBXHeadersBuildPhase;
			buildActionMask = 2147483647;
			files = (
				07DB3CAF1E7138850089F7F5 /* RACEXTScope.h in Headers */,
				07DB3C9E1E7136500089F7F5 /* RACCompoundDisposable.h in Headers */,
				07DB3C9C1E7136500089F7F5 /* NSObject+RACKVOWrapper.h in Headers */,
				07DB3C9A1E7136500089F7F5 /* NSObject+KAGRACDeallocating.h in Headers */,
				07DB3CA81E7138270089F7F5 /* RACKVOProxy.h in Headers */,
				07DB3C881E7133A20089F7F5 /* NSObject+KAGExtensions.h in Headers */,
				07DB3CA01E7136500089F7F5 /* RACKVOTrampoline.h in Headers */,
				07DB3CA21E7136500089F7F5 /* RACScopedDisposable.h in Headers */,
				07DB3CAC1E7138540089F7F5 /* RACEXTRuntimeExtensions.h in Headers */,
				07DB3CB41E7138AC0089F7F5 /* NSString+RACKeyPathUtilities.h in Headers */,
				07DB3C8C1E7135AC0089F7F5 /* KAGRACDisposable.h in Headers */,
				072628281E70E49800511F80 /* Agamotto.h in Headers */,
				07DB3CA41E7136500089F7F5 /* RACSerialDisposable.h in Headers */,
				07DB3CB11E7138940089F7F5 /* RACmetamacros.h in Headers */,
			);
			runOnlyForDeploymentPostprocessing = 0;
		};
/* End PBXHeadersBuildPhase section */

/* Begin PBXNativeTarget section */
		072628221E70E49800511F80 /* Agamotto-iOS */ = {
			isa = PBXNativeTarget;
			buildConfigurationList = 072628291E70E49800511F80 /* Build configuration list for PBXNativeTarget "Agamotto-iOS" */;
			buildPhases = (
				0726281E1E70E49800511F80 /* Sources */,
				0726281F1E70E49800511F80 /* Frameworks */,
				072628201E70E49800511F80 /* Headers */,
				072628211E70E49800511F80 /* Resources */,
			);
			buildRules = (
			);
			dependencies = (
			);
			name = "Agamotto-iOS";
			productName = Agamotto;
			productReference = 072628231E70E49800511F80 /* Agamotto.framework */;
			productType = "com.apple.product-type.framework";
		};
		07DB3CB91E713B420089F7F5 /* AgamottoDemo-iOS */ = {
			isa = PBXNativeTarget;
			buildConfigurationList = 07DB3CCE1E713B420089F7F5 /* Build configuration list for PBXNativeTarget "AgamottoDemo-iOS" */;
			buildPhases = (
				07DB3CB61E713B420089F7F5 /* Sources */,
				07DB3CB71E713B420089F7F5 /* Frameworks */,
				07DB3CB81E713B420089F7F5 /* Resources */,
			);
			buildRules = (
			);
			dependencies = (
				07DB3CD21E713B510089F7F5 /* PBXTargetDependency */,
			);
			name = "AgamottoDemo-iOS";
			productName = "AgamottoDemo-iOS";
			productReference = 07DB3CBA1E713B420089F7F5 /* AgamottoDemo-iOS.app */;
			productType = "com.apple.product-type.application";
		};
/* End PBXNativeTarget section */

/* Begin PBXProject section */
		072628181E70E40C00511F80 /* Project object */ = {
			isa = PBXProject;
			attributes = {
				CLASSPREFIX = KAG;
				LastUpgradeCheck = 0820;
				ORGANIZATIONNAME = "Kosoku Interactive, LLC.";
				TargetAttributes = {
					072628221E70E49800511F80 = {
						CreatedOnToolsVersion = 8.2.1;
						ProvisioningStyle = Automatic;
					};
					07DB3CB91E713B420089F7F5 = {
						CreatedOnToolsVersion = 8.2.1;
						ProvisioningStyle = Automatic;
					};
				};
			};
			buildConfigurationList = 0726281B1E70E40C00511F80 /* Build configuration list for PBXProject "Agamotto" */;
			compatibilityVersion = "Xcode 3.2";
			developmentRegion = English;
			hasScannedForEncodings = 0;
			knownRegions = (
				en,
				Base,
			);
			mainGroup = 072628171E70E40C00511F80;
			productRefGroup = 072628241E70E49800511F80 /* Products */;
			projectDirPath = "";
			projectRoot = "";
			targets = (
				072628221E70E49800511F80 /* Agamotto-iOS */,
				07DB3CB91E713B420089F7F5 /* AgamottoDemo-iOS */,
			);
		};
/* End PBXProject section */

/* Begin PBXResourcesBuildPhase section */
		072628211E70E49800511F80 /* Resources */ = {
			isa = PBXResourcesBuildPhase;
			buildActionMask = 2147483647;
			files = (
			);
			runOnlyForDeploymentPostprocessing = 0;
		};
		07DB3CB81E713B420089F7F5 /* Resources */ = {
			isa = PBXResourcesBuildPhase;
			buildActionMask = 2147483647;
			files = (
				07DB3CCC1E713B420089F7F5 /* LaunchScreen.storyboard in Resources */,
				07DB3CC91E713B420089F7F5 /* Assets.xcassets in Resources */,
				07DB3CC71E713B420089F7F5 /* Main.storyboard in Resources */,
			);
			runOnlyForDeploymentPostprocessing = 0;
		};
/* End PBXResourcesBuildPhase section */

/* Begin PBXSourcesBuildPhase section */
		0726281E1E70E49800511F80 /* Sources */ = {
			isa = PBXSourcesBuildPhase;
			buildActionMask = 2147483647;
			files = (
				07DB3C9F1E7136500089F7F5 /* RACCompoundDisposable.m in Sources */,
				07DB3CAD1E7138540089F7F5 /* RACEXTRuntimeExtensions.m in Sources */,
				07DB3C9B1E7136500089F7F5 /* NSObject+KAGRACDeallocating.m in Sources */,
				07DB3CB51E7138AC0089F7F5 /* NSString+RACKeyPathUtilities.m in Sources */,
				07DB3CA31E7136500089F7F5 /* RACScopedDisposable.m in Sources */,
				07DB3CA91E7138270089F7F5 /* RACKVOProxy.m in Sources */,
				07DB3CA11E7136500089F7F5 /* RACKVOTrampoline.m in Sources */,
				07DB3CA51E7136500089F7F5 /* RACSerialDisposable.m in Sources */,
				07DB3C9D1E7136500089F7F5 /* NSObject+RACKVOWrapper.m in Sources */,
				07DB3C8D1E7135AC0089F7F5 /* KAGRACDisposable.m in Sources */,
				07DB3C891E7133A20089F7F5 /* NSObject+KAGExtensions.m in Sources */,
			);
			runOnlyForDeploymentPostprocessing = 0;
		};
		07DB3CB61E713B420089F7F5 /* Sources */ = {
			isa = PBXSourcesBuildPhase;
			buildActionMask = 2147483647;
			files = (
				07DB3CC41E713B420089F7F5 /* ViewController.m in Sources */,
				07DB3CC11E713B420089F7F5 /* AppDelegate.m in Sources */,
				07DB3CBE1E713B420089F7F5 /* main.m in Sources */,
			);
			runOnlyForDeploymentPostprocessing = 0;
		};
/* End PBXSourcesBuildPhase section */

/* Begin PBXTargetDependency section */
		07DB3CD21E713B510089F7F5 /* PBXTargetDependency */ = {
			isa = PBXTargetDependency;
			target = 072628221E70E49800511F80 /* Agamotto-iOS */;
			targetProxy = 07DB3CD11E713B510089F7F5 /* PBXContainerItemProxy */;
		};
/* End PBXTargetDependency section */

/* Begin PBXVariantGroup section */
		07DB3CC51E713B420089F7F5 /* Main.storyboard */ = {
			isa = PBXVariantGroup;
			children = (
				07DB3CC61E713B420089F7F5 /* Base */,
			);
			name = Main.storyboard;
			sourceTree = "<group>";
		};
		07DB3CCA1E713B420089F7F5 /* LaunchScreen.storyboard */ = {
			isa = PBXVariantGroup;
			children = (
				07DB3CCB1E713B420089F7F5 /* Base */,
			);
			name = LaunchScreen.storyboard;
			sourceTree = "<group>";
		};
/* End PBXVariantGroup section */

/* Begin XCBuildConfiguration section */
		0726281C1E70E40C00511F80 /* Debug */ = {
			isa = XCBuildConfiguration;
			buildSettings = {
			};
			name = Debug;
		};
		0726281D1E70E40C00511F80 /* Release */ = {
			isa = XCBuildConfiguration;
			buildSettings = {
			};
			name = Release;
		};
		0726282A1E70E49800511F80 /* Debug */ = {
			isa = XCBuildConfiguration;
			buildSettings = {
				ALWAYS_SEARCH_USER_PATHS = NO;
				CLANG_ANALYZER_NONNULL = YES;
				CLANG_CXX_LANGUAGE_STANDARD = "gnu++0x";
				CLANG_CXX_LIBRARY = "libc++";
				CLANG_ENABLE_MODULES = YES;
				CLANG_ENABLE_OBJC_ARC = YES;
				CLANG_WARN_BOOL_CONVERSION = YES;
				CLANG_WARN_CONSTANT_CONVERSION = YES;
				CLANG_WARN_DIRECT_OBJC_ISA_USAGE = YES_ERROR;
				CLANG_WARN_DOCUMENTATION_COMMENTS = YES;
				CLANG_WARN_EMPTY_BODY = YES;
				CLANG_WARN_ENUM_CONVERSION = YES;
				CLANG_WARN_INFINITE_RECURSION = YES;
				CLANG_WARN_INT_CONVERSION = YES;
				CLANG_WARN_OBJC_ROOT_CLASS = YES_ERROR;
				CLANG_WARN_SUSPICIOUS_MOVE = YES;
				CLANG_WARN_UNREACHABLE_CODE = YES;
				CLANG_WARN__DUPLICATE_METHOD_MATCH = YES;
				CODE_SIGN_IDENTITY = "";
				"CODE_SIGN_IDENTITY[sdk=iphoneos*]" = "iPhone Developer";
				COPY_PHASE_STRIP = NO;
				CURRENT_PROJECT_VERSION = 1;
				DEBUG_INFORMATION_FORMAT = dwarf;
				DEFINES_MODULE = YES;
				DYLIB_COMPATIBILITY_VERSION = 1;
				DYLIB_CURRENT_VERSION = 1;
				DYLIB_INSTALL_NAME_BASE = "@rpath";
				ENABLE_STRICT_OBJC_MSGSEND = YES;
				ENABLE_TESTABILITY = YES;
				GCC_C_LANGUAGE_STANDARD = gnu99;
				GCC_DYNAMIC_NO_PIC = NO;
				GCC_NO_COMMON_BLOCKS = YES;
				GCC_OPTIMIZATION_LEVEL = 0;
				GCC_PREPROCESSOR_DEFINITIONS = (
					"DEBUG=1",
					"$(inherited)",
					"OSATOMIC_USE_INLINED=1",
				);
				GCC_WARN_64_TO_32_BIT_CONVERSION = YES;
				GCC_WARN_ABOUT_RETURN_TYPE = YES_ERROR;
				GCC_WARN_UNDECLARED_SELECTOR = YES;
				GCC_WARN_UNINITIALIZED_AUTOS = YES_AGGRESSIVE;
				GCC_WARN_UNUSED_FUNCTION = YES;
				GCC_WARN_UNUSED_VARIABLE = YES;
				INFOPLIST_FILE = "$(SRCROOT)/Agamotto/Agamotto-iOS-Info.plist";
				INFOPLIST_PREFIX_HEADER = "$(SRCROOT)/Agamotto/Agamotto-Info.h";
				INFOPLIST_PREPROCESS = YES;
				INSTALL_PATH = "$(LOCAL_LIBRARY_DIR)/Frameworks";
				IPHONEOS_DEPLOYMENT_TARGET = 10.0;
				LD_RUNPATH_SEARCH_PATHS = "$(inherited) @executable_path/Frameworks @loader_path/Frameworks";
				MTL_ENABLE_DEBUG_INFO = YES;
				ONLY_ACTIVE_ARCH = YES;
				PRODUCT_BUNDLE_IDENTIFIER = com.kosoku.agamotto;
				PRODUCT_NAME = Agamotto;
				SDKROOT = iphoneos;
				SKIP_INSTALL = YES;
				TARGETED_DEVICE_FAMILY = "1,2";
				VERSIONING_SYSTEM = "apple-generic";
				VERSION_INFO_PREFIX = "";
			};
			name = Debug;
		};
		0726282B1E70E49800511F80 /* Release */ = {
			isa = XCBuildConfiguration;
			buildSettings = {
				ALWAYS_SEARCH_USER_PATHS = NO;
				CLANG_ANALYZER_NONNULL = YES;
				CLANG_CXX_LANGUAGE_STANDARD = "gnu++0x";
				CLANG_CXX_LIBRARY = "libc++";
				CLANG_ENABLE_MODULES = YES;
				CLANG_ENABLE_OBJC_ARC = YES;
				CLANG_WARN_BOOL_CONVERSION = YES;
				CLANG_WARN_CONSTANT_CONVERSION = YES;
				CLANG_WARN_DIRECT_OBJC_ISA_USAGE = YES_ERROR;
				CLANG_WARN_DOCUMENTATION_COMMENTS = YES;
				CLANG_WARN_EMPTY_BODY = YES;
				CLANG_WARN_ENUM_CONVERSION = YES;
				CLANG_WARN_INFINITE_RECURSION = YES;
				CLANG_WARN_INT_CONVERSION = YES;
				CLANG_WARN_OBJC_ROOT_CLASS = YES_ERROR;
				CLANG_WARN_SUSPICIOUS_MOVE = YES;
				CLANG_WARN_UNREACHABLE_CODE = YES;
				CLANG_WARN__DUPLICATE_METHOD_MATCH = YES;
				CODE_SIGN_IDENTITY = "";
				"CODE_SIGN_IDENTITY[sdk=iphoneos*]" = "iPhone Developer";
				COPY_PHASE_STRIP = NO;
				CURRENT_PROJECT_VERSION = 1;
				DEBUG_INFORMATION_FORMAT = "dwarf-with-dsym";
				DEFINES_MODULE = YES;
				DYLIB_COMPATIBILITY_VERSION = 1;
				DYLIB_CURRENT_VERSION = 1;
				DYLIB_INSTALL_NAME_BASE = "@rpath";
				ENABLE_NS_ASSERTIONS = NO;
				ENABLE_STRICT_OBJC_MSGSEND = YES;
				GCC_C_LANGUAGE_STANDARD = gnu99;
				GCC_NO_COMMON_BLOCKS = YES;
				GCC_PREPROCESSOR_DEFINITIONS = "OSATOMIC_USE_INLINED=1";
				GCC_WARN_64_TO_32_BIT_CONVERSION = YES;
				GCC_WARN_ABOUT_RETURN_TYPE = YES_ERROR;
				GCC_WARN_UNDECLARED_SELECTOR = YES;
				GCC_WARN_UNINITIALIZED_AUTOS = YES_AGGRESSIVE;
				GCC_WARN_UNUSED_FUNCTION = YES;
				GCC_WARN_UNUSED_VARIABLE = YES;
				INFOPLIST_FILE = "$(SRCROOT)/Agamotto/Agamotto-iOS-Info.plist";
				INFOPLIST_PREFIX_HEADER = "$(SRCROOT)/Agamotto/Agamotto-Info.h";
				INFOPLIST_PREPROCESS = YES;
				INSTALL_PATH = "$(LOCAL_LIBRARY_DIR)/Frameworks";
				IPHONEOS_DEPLOYMENT_TARGET = 10.0;
				LD_RUNPATH_SEARCH_PATHS = "$(inherited) @executable_path/Frameworks @loader_path/Frameworks";
				MTL_ENABLE_DEBUG_INFO = NO;
				PRODUCT_BUNDLE_IDENTIFIER = com.kosoku.agamotto;
				PRODUCT_NAME = Agamotto;
				SDKROOT = iphoneos;
				SKIP_INSTALL = YES;
				TARGETED_DEVICE_FAMILY = "1,2";
				VALIDATE_PRODUCT = YES;
				VERSIONING_SYSTEM = "apple-generic";
				VERSION_INFO_PREFIX = "";
			};
			name = Release;
		};
		07DB3CCF1E713B420089F7F5 /* Debug */ = {
			isa = XCBuildConfiguration;
			buildSettings = {
				ALWAYS_SEARCH_USER_PATHS = NO;
				ASSETCATALOG_COMPILER_APPICON_NAME = AppIcon;
				CLANG_ANALYZER_NONNULL = YES;
				CLANG_CXX_LANGUAGE_STANDARD = "gnu++0x";
				CLANG_CXX_LIBRARY = "libc++";
				CLANG_ENABLE_MODULES = YES;
				CLANG_ENABLE_OBJC_ARC = YES;
				CLANG_WARN_BOOL_CONVERSION = YES;
				CLANG_WARN_CONSTANT_CONVERSION = YES;
				CLANG_WARN_DIRECT_OBJC_ISA_USAGE = YES_ERROR;
				CLANG_WARN_DOCUMENTATION_COMMENTS = YES;
				CLANG_WARN_EMPTY_BODY = YES;
				CLANG_WARN_ENUM_CONVERSION = YES;
				CLANG_WARN_INFINITE_RECURSION = YES;
				CLANG_WARN_INT_CONVERSION = YES;
				CLANG_WARN_OBJC_ROOT_CLASS = YES_ERROR;
				CLANG_WARN_SUSPICIOUS_MOVE = YES;
				CLANG_WARN_UNREACHABLE_CODE = YES;
				CLANG_WARN__DUPLICATE_METHOD_MATCH = YES;
				"CODE_SIGN_IDENTITY[sdk=iphoneos*]" = "iPhone Developer";
				COPY_PHASE_STRIP = NO;
				DEBUG_INFORMATION_FORMAT = dwarf;
				ENABLE_STRICT_OBJC_MSGSEND = YES;
				ENABLE_TESTABILITY = YES;
				GCC_C_LANGUAGE_STANDARD = gnu99;
				GCC_DYNAMIC_NO_PIC = NO;
				GCC_NO_COMMON_BLOCKS = YES;
				GCC_OPTIMIZATION_LEVEL = 0;
				GCC_PREPROCESSOR_DEFINITIONS = (
					"DEBUG=1",
					"$(inherited)",
				);
				GCC_WARN_64_TO_32_BIT_CONVERSION = YES;
				GCC_WARN_ABOUT_RETURN_TYPE = YES_ERROR;
				GCC_WARN_UNDECLARED_SELECTOR = YES;
				GCC_WARN_UNINITIALIZED_AUTOS = YES_AGGRESSIVE;
				GCC_WARN_UNUSED_FUNCTION = YES;
				GCC_WARN_UNUSED_VARIABLE = YES;
				INFOPLIST_FILE = "AgamottoDemo-iOS/Info.plist";
				IPHONEOS_DEPLOYMENT_TARGET = 10.2;
				LD_RUNPATH_SEARCH_PATHS = "$(inherited) @executable_path/Frameworks";
				MTL_ENABLE_DEBUG_INFO = YES;
				ONLY_ACTIVE_ARCH = YES;
				PRODUCT_BUNDLE_IDENTIFIER = "com.kosoku.AgamottoDemo-iOS";
				PRODUCT_NAME = "$(TARGET_NAME)";
				SDKROOT = iphoneos;
				TARGETED_DEVICE_FAMILY = "1,2";
			};
			name = Debug;
		};
		07DB3CD01E713B420089F7F5 /* Release */ = {
			isa = XCBuildConfiguration;
			buildSettings = {
				ALWAYS_SEARCH_USER_PATHS = NO;
				ASSETCATALOG_COMPILER_APPICON_NAME = AppIcon;
				CLANG_ANALYZER_NONNULL = YES;
				CLANG_CXX_LANGUAGE_STANDARD = "gnu++0x";
				CLANG_CXX_LIBRARY = "libc++";
				CLANG_ENABLE_MODULES = YES;
				CLANG_ENABLE_OBJC_ARC = YES;
				CLANG_WARN_BOOL_CONVERSION = YES;
				CLANG_WARN_CONSTANT_CONVERSION = YES;
				CLANG_WARN_DIRECT_OBJC_ISA_USAGE = YES_ERROR;
				CLANG_WARN_DOCUMENTATION_COMMENTS = YES;
				CLANG_WARN_EMPTY_BODY = YES;
				CLANG_WARN_ENUM_CONVERSION = YES;
				CLANG_WARN_INFINITE_RECURSION = YES;
				CLANG_WARN_INT_CONVERSION = YES;
				CLANG_WARN_OBJC_ROOT_CLASS = YES_ERROR;
				CLANG_WARN_SUSPICIOUS_MOVE = YES;
				CLANG_WARN_UNREACHABLE_CODE = YES;
				CLANG_WARN__DUPLICATE_METHOD_MATCH = YES;
				"CODE_SIGN_IDENTITY[sdk=iphoneos*]" = "iPhone Developer";
				COPY_PHASE_STRIP = NO;
				DEBUG_INFORMATION_FORMAT = "dwarf-with-dsym";
				ENABLE_NS_ASSERTIONS = NO;
				ENABLE_STRICT_OBJC_MSGSEND = YES;
				GCC_C_LANGUAGE_STANDARD = gnu99;
				GCC_NO_COMMON_BLOCKS = YES;
				GCC_WARN_64_TO_32_BIT_CONVERSION = YES;
				GCC_WARN_ABOUT_RETURN_TYPE = YES_ERROR;
				GCC_WARN_UNDECLARED_SELECTOR = YES;
				GCC_WARN_UNINITIALIZED_AUTOS = YES_AGGRESSIVE;
				GCC_WARN_UNUSED_FUNCTION = YES;
				GCC_WARN_UNUSED_VARIABLE = YES;
				INFOPLIST_FILE = "AgamottoDemo-iOS/Info.plist";
				IPHONEOS_DEPLOYMENT_TARGET = 10.2;
				LD_RUNPATH_SEARCH_PATHS = "$(inherited) @executable_path/Frameworks";
				MTL_ENABLE_DEBUG_INFO = NO;
				PRODUCT_BUNDLE_IDENTIFIER = "com.kosoku.AgamottoDemo-iOS";
				PRODUCT_NAME = "$(TARGET_NAME)";
				SDKROOT = iphoneos;
				TARGETED_DEVICE_FAMILY = "1,2";
				VALIDATE_PRODUCT = YES;
			};
			name = Release;
		};
/* End XCBuildConfiguration section */

/* Begin XCConfigurationList section */
		0726281B1E70E40C00511F80 /* Build configuration list for PBXProject "Agamotto" */ = {
			isa = XCConfigurationList;
			buildConfigurations = (
				0726281C1E70E40C00511F80 /* Debug */,
				0726281D1E70E40C00511F80 /* Release */,
			);
			defaultConfigurationIsVisible = 0;
			defaultConfigurationName = Release;
		};
		072628291E70E49800511F80 /* Build configuration list for PBXNativeTarget "Agamotto-iOS" */ = {
			isa = XCConfigurationList;
			buildConfigurations = (
				0726282A1E70E49800511F80 /* Debug */,
				0726282B1E70E49800511F80 /* Release */,
			);
			defaultConfigurationIsVisible = 0;
			defaultConfigurationName = Release;
		};
		07DB3CCE1E713B420089F7F5 /* Build configuration list for PBXNativeTarget "AgamottoDemo-iOS" */ = {
			isa = XCConfigurationList;
			buildConfigurations = (
				07DB3CCF1E713B420089F7F5 /* Debug */,
				07DB3CD01E713B420089F7F5 /* Release */,
			);
			defaultConfigurationIsVisible = 0;
			defaultConfigurationName = Release;
		};
/* End XCConfigurationList section */
	};
	rootObject = 072628181E70E40C00511F80 /* Project object */;
}
